// !$*UTF8*$!
{
	archiveVersion = 1;
	classes = {
	};
	objectVersion = 46;
	objects = {

/* Begin PBXBuildFile section */
		A604FFA21E027D2F00ADB541 /* main.m in Sources */ = {isa = PBXBuildFile; fileRef = A604FFA11E027D2F00ADB541 /* main.m */; };
		A604FFA51E027D2F00ADB541 /* AppDelegate.m in Sources */ = {isa = PBXBuildFile; fileRef = A604FFA41E027D2F00ADB541 /* AppDelegate.m */; };
		A604FFA81E027D2F00ADB541 /* ViewController.m in Sources */ = {isa = PBXBuildFile; fileRef = A604FFA71E027D2F00ADB541 /* ViewController.m */; };
		A604FFAB1E027D2F00ADB541 /* Main.storyboard in Resources */ = {isa = PBXBuildFile; fileRef = A604FFA91E027D2F00ADB541 /* Main.storyboard */; };
		A604FFAD1E027D2F00ADB541 /* Assets.xcassets in Resources */ = {isa = PBXBuildFile; fileRef = A604FFAC1E027D2F00ADB541 /* Assets.xcassets */; };
		A604FFB01E027D2F00ADB541 /* LaunchScreen.storyboard in Resources */ = {isa = PBXBuildFile; fileRef = A604FFAE1E027D2F00ADB541 /* LaunchScreen.storyboard */; };
		A6EE4B441E029BEE00C17338 /* TableViewController.m in Sources */ = {isa = PBXBuildFile; fileRef = A6EE4B431E029BEE00C17338 /* TableViewController.m */; };
		A6EE4B471E029DD800C17338 /* NavigationController.m in Sources */ = {isa = PBXBuildFile; fileRef = A6EE4B461E029DD800C17338 /* NavigationController.m */; };
		D42A5A41B6D3CF18A7202E7B /* libPods-CPNavigationExtension iOS Example.a in Frameworks */ = {isa = PBXBuildFile; fileRef = C03E4386D7FAF9CAFEA776D8 /* libPods-CPNavigationExtension iOS Example.a */; };
/* End PBXBuildFile section */

/* Begin PBXFileReference section */
		6A7C3C3F86B4189AA7AC0348 /* Pods-CPNavigationExtension iOS Example.debug.xcconfig */ = {isa = PBXFileReference; includeInIndex = 1; lastKnownFileType = text.xcconfig; name = "Pods-CPNavigationExtension iOS Example.debug.xcconfig"; path = "Pods/Target Support Files/Pods-CPNavigationExtension iOS Example/Pods-CPNavigationExtension iOS Example.debug.xcconfig"; sourceTree = "<group>"; };
		A604FF9D1E027D2F00ADB541 /* CPNavigationExtension iOS Example.app */ = {isa = PBXFileReference; explicitFileType = wrapper.application; includeInIndex = 0; path = "CPNavigationExtension iOS Example.app"; sourceTree = BUILT_PRODUCTS_DIR; };
		A604FFA11E027D2F00ADB541 /* main.m */ = {isa = PBXFileReference; lastKnownFileType = sourcecode.c.objc; path = main.m; sourceTree = "<group>"; };
		A604FFA31E027D2F00ADB541 /* AppDelegate.h */ = {isa = PBXFileReference; lastKnownFileType = sourcecode.c.h; path = AppDelegate.h; sourceTree = "<group>"; };
		A604FFA41E027D2F00ADB541 /* AppDelegate.m */ = {isa = PBXFileReference; lastKnownFileType = sourcecode.c.objc; path = AppDelegate.m; sourceTree = "<group>"; };
		A604FFA61E027D2F00ADB541 /* ViewController.h */ = {isa = PBXFileReference; lastKnownFileType = sourcecode.c.h; path = ViewController.h; sourceTree = "<group>"; };
		A604FFA71E027D2F00ADB541 /* ViewController.m */ = {isa = PBXFileReference; lastKnownFileType = sourcecode.c.objc; path = ViewController.m; sourceTree = "<group>"; };
		A604FFAA1E027D2F00ADB541 /* Base */ = {isa = PBXFileReference; lastKnownFileType = file.storyboard; name = Base; path = Base.lproj/Main.storyboard; sourceTree = "<group>"; };
		A604FFAC1E027D2F00ADB541 /* Assets.xcassets */ = {isa = PBXFileReference; lastKnownFileType = folder.assetcatalog; path = Assets.xcassets; sourceTree = "<group>"; };
		A604FFAF1E027D2F00ADB541 /* Base */ = {isa = PBXFileReference; lastKnownFileType = file.storyboard; name = Base; path = Base.lproj/LaunchScreen.storyboard; sourceTree = "<group>"; };
		A604FFB11E027D2F00ADB541 /* Info.plist */ = {isa = PBXFileReference; lastKnownFileType = text.plist.xml; path = Info.plist; sourceTree = "<group>"; };
		A6EE4B421E029BEE00C17338 /* TableViewController.h */ = {isa = PBXFileReference; fileEncoding = 4; lastKnownFileType = sourcecode.c.h; path = TableViewController.h; sourceTree = "<group>"; };
		A6EE4B431E029BEE00C17338 /* TableViewController.m */ = {isa = PBXFileReference; fileEncoding = 4; lastKnownFileType = sourcecode.c.objc; path = TableViewController.m; sourceTree = "<group>"; };
		A6EE4B451E029DD800C17338 /* NavigationController.h */ = {isa = PBXFileReference; fileEncoding = 4; lastKnownFileType = sourcecode.c.h; path = NavigationController.h; sourceTree = "<group>"; };
		A6EE4B461E029DD800C17338 /* NavigationController.m */ = {isa = PBXFileReference; fileEncoding = 4; lastKnownFileType = sourcecode.c.objc; path = NavigationController.m; sourceTree = "<group>"; };
		C03E4386D7FAF9CAFEA776D8 /* libPods-CPNavigationExtension iOS Example.a */ = {isa = PBXFileReference; explicitFileType = archive.ar; includeInIndex = 0; path = "libPods-CPNavigationExtension iOS Example.a"; sourceTree = BUILT_PRODUCTS_DIR; };
		CE6B12C21FC162E3380CDB86 /* Pods-CPNavigationExtension iOS Example.release.xcconfig */ = {isa = PBXFileReference; includeInIndex = 1; lastKnownFileType = text.xcconfig; name = "Pods-CPNavigationExtension iOS Example.release.xcconfig"; path = "Pods/Target Support Files/Pods-CPNavigationExtension iOS Example/Pods-CPNavigationExtension iOS Example.release.xcconfig"; sourceTree = "<group>"; };
/* End PBXFileReference section */

/* Begin PBXFrameworksBuildPhase section */
		A604FF9A1E027D2F00ADB541 /* Frameworks */ = {
			isa = PBXFrameworksBuildPhase;
			buildActionMask = 2147483647;
			files = (
				D42A5A41B6D3CF18A7202E7B /* libPods-CPNavigationExtension iOS Example.a in Frameworks */,
			);
			runOnlyForDeploymentPostprocessing = 0;
		};
/* End PBXFrameworksBuildPhase section */

/* Begin PBXGroup section */
		1784DB128C9E43A3294A587E /* Frameworks */ = {
			isa = PBXGroup;
			children = (
				C03E4386D7FAF9CAFEA776D8 /* libPods-CPNavigationExtension iOS Example.a */,
			);
			name = Frameworks;
			sourceTree = "<group>";
		};
		2D0C12AA5A0E5E3F20344D59 /* Pods */ = {
			isa = PBXGroup;
			children = (
				6A7C3C3F86B4189AA7AC0348 /* Pods-CPNavigationExtension iOS Example.debug.xcconfig */,
				CE6B12C21FC162E3380CDB86 /* Pods-CPNavigationExtension iOS Example.release.xcconfig */,
			);
			name = Pods;
			sourceTree = "<group>";
		};
		A604FF941E027D2F00ADB541 = {
			isa = PBXGroup;
			children = (
				A604FF9F1E027D2F00ADB541 /* CPNavigationExtension iOS Example */,
				A604FF9E1E027D2F00ADB541 /* Products */,
				2D0C12AA5A0E5E3F20344D59 /* Pods */,
				1784DB128C9E43A3294A587E /* Frameworks */,
			);
			sourceTree = "<group>";
		};
		A604FF9E1E027D2F00ADB541 /* Products */ = {
			isa = PBXGroup;
			children = (
				A604FF9D1E027D2F00ADB541 /* CPNavigationExtension iOS Example.app */,
			);
			name = Products;
			sourceTree = "<group>";
		};
		A604FF9F1E027D2F00ADB541 /* CPNavigationExtension iOS Example */ = {
			isa = PBXGroup;
			children = (
				A604FFA31E027D2F00ADB541 /* AppDelegate.h */,
				A604FFA41E027D2F00ADB541 /* AppDelegate.m */,
				A604FFA61E027D2F00ADB541 /* ViewController.h */,
				A604FFA71E027D2F00ADB541 /* ViewController.m */,
				A6EE4B421E029BEE00C17338 /* TableViewController.h */,
				A6EE4B431E029BEE00C17338 /* TableViewController.m */,
				A6EE4B451E029DD800C17338 /* NavigationController.h */,
				A6EE4B461E029DD800C17338 /* NavigationController.m */,
				A604FFA91E027D2F00ADB541 /* Main.storyboard */,
				A604FFAC1E027D2F00ADB541 /* Assets.xcassets */,
				A604FFAE1E027D2F00ADB541 /* LaunchScreen.storyboard */,
				A604FFB11E027D2F00ADB541 /* Info.plist */,
				A604FFA01E027D2F00ADB541 /* Supporting Files */,
			);
			path = "CPNavigationExtension iOS Example";
			sourceTree = "<group>";
		};
		A604FFA01E027D2F00ADB541 /* Supporting Files */ = {
			isa = PBXGroup;
			children = (
				A604FFA11E027D2F00ADB541 /* main.m */,
			);
			name = "Supporting Files";
			sourceTree = "<group>";
		};
/* End PBXGroup section */

/* Begin PBXNativeTarget section */
		A604FF9C1E027D2F00ADB541 /* CPNavigationExtension iOS Example */ = {
			isa = PBXNativeTarget;
			buildConfigurationList = A604FFB41E027D2F00ADB541 /* Build configuration list for PBXNativeTarget "CPNavigationExtension iOS Example" */;
			buildPhases = (
				72FF96F7B1CE8CD2D6CD9D61 /* [CP] Check Pods Manifest.lock */,
				A604FF991E027D2F00ADB541 /* Sources */,
				A604FF9A1E027D2F00ADB541 /* Frameworks */,
				A604FF9B1E027D2F00ADB541 /* Resources */,
				8F5FC8840E26DC53067CBDB8 /* [CP] Embed Pods Frameworks */,
				8CCBED8E0C254032FD2C4E8D /* [CP] Copy Pods Resources */,
			);
			buildRules = (
			);
			dependencies = (
			);
			name = "CPNavigationExtension iOS Example";
			productName = "CPNavigationExtension iOS Example";
			productReference = A604FF9D1E027D2F00ADB541 /* CPNavigationExtension iOS Example.app */;
			productType = "com.apple.product-type.application";
		};
/* End PBXNativeTarget section */

/* Begin PBXProject section */
		A604FF951E027D2F00ADB541 /* Project object */ = {
			isa = PBXProject;
			attributes = {
				LastUpgradeCheck = 0820;
				ORGANIZATIONNAME = caoping;
				TargetAttributes = {
					A604FF9C1E027D2F00ADB541 = {
						CreatedOnToolsVersion = 8.2;
						DevelopmentTeam = XWSVE76WWK;
						ProvisioningStyle = Automatic;
					};
				};
			};
			buildConfigurationList = A604FF981E027D2F00ADB541 /* Build configuration list for PBXProject "CPNavigationExtension iOS Example" */;
			compatibilityVersion = "Xcode 3.2";
			developmentRegion = English;
			hasScannedForEncodings = 0;
			knownRegions = (
				en,
				Base,
			);
			mainGroup = A604FF941E027D2F00ADB541;
			productRefGroup = A604FF9E1E027D2F00ADB541 /* Products */;
			projectDirPath = "";
			projectRoot = "";
			targets = (
				A604FF9C1E027D2F00ADB541 /* CPNavigationExtension iOS Example */,
			);
		};
/* End PBXProject section */

/* Begin PBXResourcesBuildPhase section */
		A604FF9B1E027D2F00ADB541 /* Resources */ = {
			isa = PBXResourcesBuildPhase;
			buildActionMask = 2147483647;
			files = (
				A604FFB01E027D2F00ADB541 /* LaunchScreen.storyboard in Resources */,
				A604FFAD1E027D2F00ADB541 /* Assets.xcassets in Resources */,
				A604FFAB1E027D2F00ADB541 /* Main.storyboard in Resources */,
			);
			runOnlyForDeploymentPostprocessing = 0;
		};
/* End PBXResourcesBuildPhase section */

/* Begin PBXShellScriptBuildPhase section */
		72FF96F7B1CE8CD2D6CD9D61 /* [CP] Check Pods Manifest.lock */ = {
			isa = PBXShellScriptBuildPhase;
			buildActionMask = 2147483647;
			files = (
			);
			inputPaths = (
			);
			name = "[CP] Check Pods Manifest.lock";
			outputPaths = (
			);
			runOnlyForDeploymentPostprocessing = 0;
			shellPath = /bin/sh;
			shellScript = "diff \"${PODS_ROOT}/../Podfile.lock\" \"${PODS_ROOT}/Manifest.lock\" > /dev/null\nif [ $? != 0 ] ; then\n    # print error to STDERR\n    echo \"error: The sandbox is not in sync with the Podfile.lock. Run 'pod install' or update your CocoaPods installation.\" >&2\n    exit 1\nfi\n";
			showEnvVarsInLog = 0;
		};
		8CCBED8E0C254032FD2C4E8D /* [CP] Copy Pods Resources */ = {
			isa = PBXShellScriptBuildPhase;
			buildActionMask = 2147483647;
			files = (
			);
			inputPaths = (
			);
			name = "[CP] Copy Pods Resources";
			outputPaths = (
			);
			runOnlyForDeploymentPostprocessing = 0;
			shellPath = /bin/sh;
			shellScript = "\"${SRCROOT}/Pods/Target Support Files/Pods-CPNavigationExtension iOS Example/Pods-CPNavigationExtension iOS Example-resources.sh\"\n";
			showEnvVarsInLog = 0;
		};
		8F5FC8840E26DC53067CBDB8 /* [CP] Embed Pods Frameworks */ = {
			isa = PBXShellScriptBuildPhase;
			buildActionMask = 2147483647;
			files = (
			);
			inputPaths = (
			);
			name = "[CP] Embed Pods Frameworks";
			outputPaths = (
			);
			runOnlyForDeploymentPostprocessing = 0;
			shellPath = /bin/sh;
			shellScript = "\"${SRCROOT}/Pods/Target Support Files/Pods-CPNavigationExtension iOS Example/Pods-CPNavigationExtension iOS Example-frameworks.sh\"\n";
			showEnvVarsInLog = 0;
		};
/* End PBXShellScriptBuildPhase section */

/* Begin PBXSourcesBuildPhase section */
		A604FF991E027D2F00ADB541 /* Sources */ = {
			isa = PBXSourcesBuildPhase;
			buildActionMask = 2147483647;
			files = (
				A604FFA81E027D2F00ADB541 /* ViewController.m in Sources */,
				A604FFA51E027D2F00ADB541 /* AppDelegate.m in Sources */,
				A6EE4B471E029DD800C17338 /* NavigationController.m in Sources */,
				A604FFA21E027D2F00ADB541 /* main.m in Sources */,
				A6EE4B441E029BEE00C17338 /* TableViewController.m in Sources */,
			);
			runOnlyForDeploymentPostprocessing = 0;
		};
/* End PBXSourcesBuildPhase section */

/* Begin PBXVariantGroup section */
		A604FFA91E027D2F00ADB541 /* Main.storyboard */ = {
			isa = PBXVariantGroup;
			children = (
				A604FFAA1E027D2F00ADB541 /* Base */,
			);
			name = Main.storyboard;
			sourceTree = "<group>";
		};
		A604FFAE1E027D2F00ADB541 /* LaunchScreen.storyboard */ = {
			isa = PBXVariantGroup;
			children = (
				A604FFAF1E027D2F00ADB541 /* Base */,
			);
			name = LaunchScreen.storyboard;
			sourceTree = "<group>";
		};
/* End PBXVariantGroup section */

/* Begin XCBuildConfiguration section */
		A604FFB21E027D2F00ADB541 /* Debug */ = {
			isa = XCBuildConfiguration;
			buildSettings = {
				ALWAYS_SEARCH_USER_PATHS = NO;
				CLANG_ANALYZER_NONNULL = YES;
				CLANG_CXX_LANGUAGE_STANDARD = "gnu++0x";
				CLANG_CXX_LIBRARY = "libc++";
				CLANG_ENABLE_MODULES = YES;
				CLANG_ENABLE_OBJC_ARC = YES;
				CLANG_WARN_BOOL_CONVERSION = YES;
				CLANG_WARN_CONSTANT_CONVERSION = YES;
				CLANG_WARN_DIRECT_OBJC_ISA_USAGE = YES_ERROR;
				CLANG_WARN_DOCUMENTATION_COMMENTS = YES;
				CLANG_WARN_EMPTY_BODY = YES;
				CLANG_WARN_ENUM_CONVERSION = YES;
				CLANG_WARN_INFINITE_RECURSION = YES;
				CLANG_WARN_INT_CONVERSION = YES;
				CLANG_WARN_OBJC_ROOT_CLASS = YES_ERROR;
				CLANG_WARN_SUSPICIOUS_MOVE = YES;
				CLANG_WARN_UNREACHABLE_CODE = YES;
				CLANG_WARN__DUPLICATE_METHOD_MATCH = YES;
				"CODE_SIGN_IDENTITY[sdk=iphoneos*]" = "iPhone Developer";
				COPY_PHASE_STRIP = NO;
				DEBUG_INFORMATION_FORMAT = dwarf;
				ENABLE_STRICT_OBJC_MSGSEND = YES;
				ENABLE_TESTABILITY = YES;
				GCC_C_LANGUAGE_STANDARD = gnu99;
				GCC_DYNAMIC_NO_PIC = NO;
				GCC_NO_COMMON_BLOCKS = YES;
				GCC_OPTIMIZATION_LEVEL = 0;
				GCC_PREPROCESSOR_DEFINITIONS = (
					"DEBUG=1",
					"$(inherited)",
				);
				GCC_WARN_64_TO_32_BIT_CONVERSION = YES;
				GCC_WARN_ABOUT_RETURN_TYPE = YES_ERROR;
				GCC_WARN_UNDECLARED_SELECTOR = YES;
				GCC_WARN_UNINITIALIZED_AUTOS = YES_AGGRESSIVE;
				GCC_WARN_UNUSED_FUNCTION = YES;
				GCC_WARN_UNUSED_VARIABLE = YES;
				IPHONEOS_DEPLOYMENT_TARGET = 10.2;
				MTL_ENABLE_DEBUG_INFO = YES;
				ONLY_ACTIVE_ARCH = YES;
				SDKROOT = iphoneos;
				TARGETED_DEVICE_FAMILY = "1,2";
			};
			name = Debug;
		};
		A604FFB31E027D2F00ADB541 /* Release */ = {
			isa = XCBuildConfiguration;
			buildSettings = {
				ALWAYS_SEARCH_USER_PATHS = NO;
				CLANG_ANALYZER_NONNULL = YES;
				CLANG_CXX_LANGUAGE_STANDARD = "gnu++0x";
				CLANG_CXX_LIBRARY = "libc++";
				CLANG_ENABLE_MODULES = YES;
				CLANG_ENABLE_OBJC_ARC = YES;
				CLANG_WARN_BOOL_CONVERSION = YES;
				CLANG_WARN_CONSTANT_CONVERSION = YES;
				CLANG_WARN_DIRECT_OBJC_ISA_USAGE = YES_ERROR;
				CLANG_WARN_DOCUMENTATION_COMMENTS = YES;
				CLANG_WARN_EMPTY_BODY = YES;
				CLANG_WARN_ENUM_CONVERSION = YES;
				CLANG_WARN_INFINITE_RECURSION = YES;
				CLANG_WARN_INT_CONVERSION = YES;
				CLANG_WARN_OBJC_ROOT_CLASS = YES_ERROR;
				CLANG_WARN_SUSPICIOUS_MOVE = YES;
				CLANG_WARN_UNREACHABLE_CODE = YES;
				CLANG_WARN__DUPLICATE_METHOD_MATCH = YES;
				"CODE_SIGN_IDENTITY[sdk=iphoneos*]" = "iPhone Developer";
				COPY_PHASE_STRIP = NO;
				DEBUG_INFORMATION_FORMAT = "dwarf-with-dsym";
				ENABLE_NS_ASSERTIONS = NO;
				ENABLE_STRICT_OBJC_MSGSEND = YES;
				GCC_C_LANGUAGE_STANDARD = gnu99;
				GCC_NO_COMMON_BLOCKS = YES;
				GCC_WARN_64_TO_32_BIT_CONVERSION = YES;
				GCC_WARN_ABOUT_RETURN_TYPE = YES_ERROR;
				GCC_WARN_UNDECLARED_SELECTOR = YES;
				GCC_WARN_UNINITIALIZED_AUTOS = YES_AGGRESSIVE;
				GCC_WARN_UNUSED_FUNCTION = YES;
				GCC_WARN_UNUSED_VARIABLE = YES;
				IPHONEOS_DEPLOYMENT_TARGET = 10.2;
				MTL_ENABLE_DEBUG_INFO = NO;
				SDKROOT = iphoneos;
				TARGETED_DEVICE_FAMILY = "1,2";
				VALIDATE_PRODUCT = YES;
			};
			name = Release;
		};
		A604FFB51E027D2F00ADB541 /* Debug */ = {
			isa = XCBuildConfiguration;
			baseConfigurationReference = 6A7C3C3F86B4189AA7AC0348 /* Pods-CPNavigationExtension iOS Example.debug.xcconfig */;
			buildSettings = {
				ASSETCATALOG_COMPILER_APPICON_NAME = AppIcon;
				DEVELOPMENT_TEAM = XWSVE76WWK;
				INFOPLIST_FILE = "CPNavigationExtension iOS Example/Info.plist";
				IPHONEOS_DEPLOYMENT_TARGET = 8.0;
				LD_RUNPATH_SEARCH_PATHS = "$(inherited) @executable_path/Frameworks";
				PRODUCT_BUNDLE_IDENTIFIER = "caoping.CPNavigationExtension-iOS-Example";
				PRODUCT_NAME = "$(TARGET_NAME)";
			};
			name = Debug;
		};
		A604FFB61E027D2F00ADB541 /* Release */ = {
			isa = XCBuildConfiguration;
			baseConfigurationReference = CE6B12C21FC162E3380CDB86 /* Pods-CPNavigationExtension iOS Example.release.xcconfig */;
			buildSettings = {
				ASSETCATALOG_COMPILER_APPICON_NAME = AppIcon;
				DEVELOPMENT_TEAM = XWSVE76WWK;
				INFOPLIST_FILE = "CPNavigationExtension iOS Example/Info.plist";
				IPHONEOS_DEPLOYMENT_TARGET = 8.0;
				LD_RUNPATH_SEARCH_PATHS = "$(inherited) @executable_path/Frameworks";
				PRODUCT_BUNDLE_IDENTIFIER = "caoping.CPNavigationExtension-iOS-Example";
				PRODUCT_NAME = "$(TARGET_NAME)";
			};
			name = Release;
		};
/* End XCBuildConfiguration section */

/* Begin XCConfigurationList section */
		A604FF981E027D2F00ADB541 /* Build configuration list for PBXProject "CPNavigationExtension iOS Example" */ = {
			isa = XCConfigurationList;
			buildConfigurations = (
				A604FFB21E027D2F00ADB541 /* Debug */,
				A604FFB31E027D2F00ADB541 /* Release */,
			);
			defaultConfigurationIsVisible = 0;
			defaultConfigurationName = Release;
		};
		A604FFB41E027D2F00ADB541 /* Build configuration list for PBXNativeTarget "CPNavigationExtension iOS Example" */ = {
			isa = XCConfigurationList;
			buildConfigurations = (
				A604FFB51E027D2F00ADB541 /* Debug */,
				A604FFB61E027D2F00ADB541 /* Release */,
			);
			defaultConfigurationIsVisible = 0;
			defaultConfigurationName = Release;
		};
/* End XCConfigurationList section */
	};
	rootObject = A604FF951E027D2F00ADB541 /* Project object */;
}
